
Microsoft Visual Studio Solution File, Format Version 12.00
# Visual Studio 2012
Project("{FAE04EC0-301F-11D3-BF4B-00C04F79EFBC}") = "MonoGameMVVM.WP8.Sample", "MonoGameMVVM.WP8.Sample\MonoGameMVVM.WP8.Sample.csproj", "{AD34CDEA-A71A-422A-B880-9B7F37504FF2}"
EndProject
Project("{FAE04EC0-301F-11D3-BF4B-00C04F79EFBC}") = "MonoGameMVVM.WP8", "MonoGameMVVM.WP8\MonoGameMVVM.WP8.csproj", "{0A8662D9-B0BD-4211-A00B-514544512C83}"
EndProject
Global
	GlobalSection(SolutionConfigurationPlatforms) = preSolution
		Debug|Any CPU = Debug|Any CPU
		Debug|ARM = Debug|ARM
		Debug|x86 = Debug|x86
		Release - ARM|Any CPU = Release - ARM|Any CPU
		Release - ARM|ARM = Release - ARM|ARM
		Release - ARM|x86 = Release - ARM|x86
		Release - x86|Any CPU = Release - x86|Any CPU
		Release - x86|ARM = Release - x86|ARM
		Release - x86|x86 = Release - x86|x86
		Release|Any CPU = Release|Any CPU
		Release|ARM = Release|ARM
		Release|x86 = Release|x86
	EndGlobalSection
	GlobalSection(ProjectConfigurationPlatforms) = postSolution
		{AD34CDEA-A71A-422A-B880-9B7F37504FF2}.Debug|Any CPU.ActiveCfg = Debug|x86
		{AD34CDEA-A71A-422A-B880-9B7F37504FF2}.Debug|ARM.ActiveCfg = Debug|ARM
		{AD34CDEA-A71A-422A-B880-9B7F37504FF2}.Debug|ARM.Build.0 = Debug|ARM
		{AD34CDEA-A71A-422A-B880-9B7F37504FF2}.Debug|ARM.Deploy.0 = Debug|ARM
		{AD34CDEA-A71A-422A-B880-9B7F37504FF2}.Debug|x86.ActiveCfg = Debug|x86
		{AD34CDEA-A71A-422A-B880-9B7F37504FF2}.Debug|x86.Build.0 = Debug|x86
		{AD34CDEA-A71A-422A-B880-9B7F37504FF2}.Debug|x86.Deploy.0 = Debug|x86
		{AD34CDEA-A71A-422A-B880-9B7F37504FF2}.Release - ARM|Any CPU.ActiveCfg = Release - ARM|x86
		{AD34CDEA-A71A-422A-B880-9B7F37504FF2}.Release - ARM|ARM.ActiveCfg = Release - ARM|ARM
		{AD34CDEA-A71A-422A-B880-9B7F37504FF2}.Release - ARM|ARM.Build.0 = Release - ARM|ARM
		{AD34CDEA-A71A-422A-B880-9B7F37504FF2}.Release - ARM|ARM.Deploy.0 = Release - ARM|ARM
		{AD34CDEA-A71A-422A-B880-9B7F37504FF2}.Release - ARM|x86.ActiveCfg = Release - ARM|x86
		{AD34CDEA-A71A-422A-B880-9B7F37504FF2}.Release - ARM|x86.Build.0 = Release - ARM|x86
		{AD34CDEA-A71A-422A-B880-9B7F37504FF2}.Release - ARM|x86.Deploy.0 = Release - ARM|x86
		{AD34CDEA-A71A-422A-B880-9B7F37504FF2}.Release - x86|Any CPU.ActiveCfg = Release - x86|x86
		{AD34CDEA-A71A-422A-B880-9B7F37504FF2}.Release - x86|ARM.ActiveCfg = Release - x86|ARM
		{AD34CDEA-A71A-422A-B880-9B7F37504FF2}.Release - x86|ARM.Build.0 = Release - x86|ARM
		{AD34CDEA-A71A-422A-B880-9B7F37504FF2}.Release - x86|ARM.Deploy.0 = Release - x86|ARM
		{AD34CDEA-A71A-422A-B880-9B7F37504FF2}.Release - x86|x86.ActiveCfg = Release - x86|x86
		{AD34CDEA-A71A-422A-B880-9B7F37504FF2}.Release - x86|x86.Build.0 = Release - x86|x86
		{AD34CDEA-A71A-422A-B880-9B7F37504FF2}.Release - x86|x86.Deploy.0 = Release - x86|x86
		{AD34CDEA-A71A-422A-B880-9B7F37504FF2}.Release|Any CPU.ActiveCfg = Release|x86
		{AD34CDEA-A71A-422A-B880-9B7F37504FF2}.Release|ARM.ActiveCfg = Release|x86
		{AD34CDEA-A71A-422A-B880-9B7F37504FF2}.Release|ARM.Build.0 = Release|x86
		{AD34CDEA-A71A-422A-B880-9B7F37504FF2}.Release|ARM.Deploy.0 = Release|x86
		{AD34CDEA-A71A-422A-B880-9B7F37504FF2}.Release|x86.ActiveCfg = Release|x86
		{AD34CDEA-A71A-422A-B880-9B7F37504FF2}.Release|x86.Build.0 = Release|x86
		{AD34CDEA-A71A-422A-B880-9B7F37504FF2}.Release|x86.Deploy.0 = Release|x86
		{0A8662D9-B0BD-4211-A00B-514544512C83}.Debug|Any CPU.ActiveCfg = Debug|Any CPU
		{0A8662D9-B0BD-4211-A00B-514544512C83}.Debug|Any CPU.Build.0 = Debug|Any CPU
		{0A8662D9-B0BD-4211-A00B-514544512C83}.Debug|ARM.ActiveCfg = Debug|ARM
		{0A8662D9-B0BD-4211-A00B-514544512C83}.Debug|ARM.Build.0 = Debug|ARM
		{0A8662D9-B0BD-4211-A00B-514544512C83}.Debug|x86.ActiveCfg = Debug|x86
		{0A8662D9-B0BD-4211-A00B-514544512C83}.Debug|x86.Build.0 = Debug|x86
		{0A8662D9-B0BD-4211-A00B-514544512C83}.Release - ARM|Any CPU.ActiveCfg = Release - ARM|Any CPU
		{0A8662D9-B0BD-4211-A00B-514544512C83}.Release - ARM|Any CPU.Build.0 = Release - ARM|Any CPU
		{0A8662D9-B0BD-4211-A00B-514544512C83}.Release - ARM|ARM.ActiveCfg = Release - ARM|ARM
		{0A8662D9-B0BD-4211-A00B-514544512C83}.Release - ARM|ARM.Build.0 = Release - ARM|ARM
		{0A8662D9-B0BD-4211-A00B-514544512C83}.Release - ARM|x86.ActiveCfg = Release - ARM|x86
		{0A8662D9-B0BD-4211-A00B-514544512C83}.Release - ARM|x86.Build.0 = Release - ARM|x86
		{0A8662D9-B0BD-4211-A00B-514544512C83}.Release - x86|Any CPU.ActiveCfg = Release - x86|Any CPU
		{0A8662D9-B0BD-4211-A00B-514544512C83}.Release - x86|Any CPU.Build.0 = Release - x86|Any CPU
		{0A8662D9-B0BD-4211-A00B-514544512C83}.Release - x86|ARM.ActiveCfg = Release - x86|x86
		{0A8662D9-B0BD-4211-A00B-514544512C83}.Release - x86|ARM.Build.0 = Release - x86|x86
		{0A8662D9-B0BD-4211-A00B-514544512C83}.Release - x86|x86.ActiveCfg = Release - x86|x86
		{0A8662D9-B0BD-4211-A00B-514544512C83}.Release - x86|x86.Build.0 = Release - x86|x86
		{0A8662D9-B0BD-4211-A00B-514544512C83}.Release|Any CPU.ActiveCfg = Release|Any CPU
		{0A8662D9-B0BD-4211-A00B-514544512C83}.Release|Any CPU.Build.0 = Release|Any CPU
		{0A8662D9-B0BD-4211-A00B-514544512C83}.Release|ARM.ActiveCfg = Release|x86
		{0A8662D9-B0BD-4211-A00B-514544512C83}.Release|ARM.Build.0 = Release|x86
		{0A8662D9-B0BD-4211-A00B-514544512C83}.Release|x86.ActiveCfg = Release|x86
		{0A8662D9-B0BD-4211-A00B-514544512C83}.Release|x86.Build.0 = Release|x86
	EndGlobalSection
	GlobalSection(SolutionProperties) = preSolution
		HideSolutionNode = FALSE
	EndGlobalSection
EndGlobal
